
Microsoft Visual Studio Solution File, Format Version 12.00
# Visual Studio Version 16
VisualStudioVersion = 16.0.30320.27
MinimumVisualStudioVersion = 10.0.40219.1
Project("{FAE04EC0-301F-11D3-BF4B-00C04F79EFBC}") = "MimicaRemake.UWP", "MimicaRemake\MimicaRemake.UWP\MimicaRemake.UWP.csproj", "{9E8FD272-084F-47BA-B16C-CD2111B69E76}"
EndProject
Project("{FAE04EC0-301F-11D3-BF4B-00C04F79EFBC}") = "MimicaRemake.Android", "MimicaRemake\MimicaRemake.Android\MimicaRemake.Android.csproj", "{A470B89E-3AD2-4B7F-9719-58E6D699DA32}"
EndProject
Project("{FAE04EC0-301F-11D3-BF4B-00C04F79EFBC}") = "MimicaRemake.iOS", "MimicaRemake\MimicaRemake.iOS\MimicaRemake.iOS.csproj", "{9810B493-49F2-4C13-8161-3436B791ECE7}"
EndProject
Project("{FAE04EC0-301F-11D3-BF4B-00C04F79EFBC}") = "MimicaRemake", "MimicaRemake\MimicaRemake\MimicaRemake.csproj", "{3FEB4394-AB1A-4F1A-97A0-6C826EEFCF62}"
EndProject
Global
	GlobalSection(SolutionConfigurationPlatforms) = preSolution
		Debug|Any CPU = Debug|Any CPU
		Debug|ARM = Debug|ARM
		Debug|iPhone = Debug|iPhone
		Debug|iPhoneSimulator = Debug|iPhoneSimulator
		Debug|x64 = Debug|x64
		Debug|x86 = Debug|x86
		Release|Any CPU = Release|Any CPU
		Release|ARM = Release|ARM
		Release|iPhone = Release|iPhone
		Release|iPhoneSimulator = Release|iPhoneSimulator
		Release|x64 = Release|x64
		Release|x86 = Release|x86
	EndGlobalSection
	GlobalSection(ProjectConfigurationPlatforms) = postSolution
		{9E8FD272-084F-47BA-B16C-CD2111B69E76}.Debug|Any CPU.ActiveCfg = Debug|x86
		{9E8FD272-084F-47BA-B16C-CD2111B69E76}.Debug|Any CPU.Build.0 = Debug|x86
		{9E8FD272-084F-47BA-B16C-CD2111B69E76}.Debug|Any CPU.Deploy.0 = Debug|x86
		{9E8FD272-084F-47BA-B16C-CD2111B69E76}.Debug|ARM.ActiveCfg = Debug|ARM
		{9E8FD272-084F-47BA-B16C-CD2111B69E76}.Debug|ARM.Build.0 = Debug|ARM
		{9E8FD272-084F-47BA-B16C-CD2111B69E76}.Debug|ARM.Deploy.0 = Debug|ARM
		{9E8FD272-084F-47BA-B16C-CD2111B69E76}.Debug|iPhone.ActiveCfg = Debug|x86
		{9E8FD272-084F-47BA-B16C-CD2111B69E76}.Debug|iPhone.Build.0 = Debug|x86
		{9E8FD272-084F-47BA-B16C-CD2111B69E76}.Debug|iPhone.Deploy.0 = Debug|x86
		{9E8FD272-084F-47BA-B16C-CD2111B69E76}.Debug|iPhoneSimulator.ActiveCfg = Debug|x86
		{9E8FD272-084F-47BA-B16C-CD2111B69E76}.Debug|iPhoneSimulator.Build.0 = Debug|x86
		{9E8FD272-084F-47BA-B16C-CD2111B69E76}.Debug|iPhoneSimulator.Deploy.0 = Debug|x86
		{9E8FD272-084F-47BA-B16C-CD2111B69E76}.Debug|x64.ActiveCfg = Debug|x64
		{9E8FD272-084F-47BA-B16C-CD2111B69E76}.Debug|x64.Build.0 = Debug|x64
		{9E8FD272-084F-47BA-B16C-CD2111B69E76}.Debug|x64.Deploy.0 = Debug|x64
		{9E8FD272-084F-47BA-B16C-CD2111B69E76}.Debug|x86.ActiveCfg = Debug|x86
		{9E8FD272-084F-47BA-B16C-CD2111B69E76}.Debug|x86.Build.0 = Debug|x86
		{9E8FD272-084F-47BA-B16C-CD2111B69E76}.Debug|x86.Deploy.0 = Debug|x86
		{9E8FD272-084F-47BA-B16C-CD2111B69E76}.Release|Any CPU.ActiveCfg = Release|x86
		{9E8FD272-084F-47BA-B16C-CD2111B69E76}.Release|Any CPU.Build.0 = Release|x86
		{9E8FD272-084F-47BA-B16C-CD2111B69E76}.Release|Any CPU.Deploy.0 = Release|x86
		{9E8FD272-084F-47BA-B16C-CD2111B69E76}.Release|ARM.ActiveCfg = Release|ARM
		{9E8FD272-084F-47BA-B16C-CD2111B69E76}.Release|ARM.Build.0 = Release|ARM
		{9E8FD272-084F-47BA-B16C-CD2111B69E76}.Release|ARM.Deploy.0 = Release|ARM
		{9E8FD272-084F-47BA-B16C-CD2111B69E76}.Release|iPhone.ActiveCfg = Release|x86
		{9E8FD272-084F-47BA-B16C-CD2111B69E76}.Release|iPhone.Build.0 = Release|x86
		{9E8FD272-084F-47BA-B16C-CD2111B69E76}.Release|iPhone.Deploy.0 = Release|x86
		{9E8FD272-084F-47BA-B16C-CD2111B69E76}.Release|iPhoneSimulator.ActiveCfg = Release|x86
		{9E8FD272-084F-47BA-B16C-CD2111B69E76}.Release|iPhoneSimulator.Build.0 = Release|x86
		{9E8FD272-084F-47BA-B16C-CD2111B69E76}.Release|iPhoneSimulator.Deploy.0 = Release|x86
		{9E8FD272-084F-47BA-B16C-CD2111B69E76}.Release|x64.ActiveCfg = Release|x64
		{9E8FD272-084F-47BA-B16C-CD2111B69E76}.Release|x64.Build.0 = Release|x64
		{9E8FD272-084F-47BA-B16C-CD2111B69E76}.Release|x64.Deploy.0 = Release|x64
		{9E8FD272-084F-47BA-B16C-CD2111B69E76}.Release|x86.ActiveCfg = Release|x86
		{9E8FD272-084F-47BA-B16C-CD2111B69E76}.Release|x86.Build.0 = Release|x86
		{9E8FD272-084F-47BA-B16C-CD2111B69E76}.Release|x86.Deploy.0 = Release|x86
		{A470B89E-3AD2-4B7F-9719-58E6D699DA32}.Debug|Any CPU.ActiveCfg = Debug|Any CPU
		{A470B89E-3AD2-4B7F-9719-58E6D699DA32}.Debug|Any CPU.Build.0 = Debug|Any CPU
		{A470B89E-3AD2-4B7F-9719-58E6D699DA32}.Debug|Any CPU.Deploy.0 = Debug|Any CPU
		{A470B89E-3AD2-4B7F-9719-58E6D699DA32}.Debug|ARM.ActiveCfg = Debug|Any CPU
		{A470B89E-3AD2-4B7F-9719-58E6D699DA32}.Debug|ARM.Build.0 = Debug|Any CPU
		{A470B89E-3AD2-4B7F-9719-58E6D699DA32}.Debug|ARM.Deploy.0 = Debug|Any CPU
		{A470B89E-3AD2-4B7F-9719-58E6D699DA32}.Debug|iPhone.ActiveCfg = Debug|Any CPU
		{A470B89E-3AD2-4B7F-9719-58E6D699DA32}.Debug|iPhone.Build.0 = Debug|Any CPU
		{A470B89E-3AD2-4B7F-9719-58E6D699DA32}.Debug|iPhone.Deploy.0 = Debug|Any CPU
		{A470B89E-3AD2-4B7F-9719-58E6D699DA32}.Debug|iPhoneSimulator.ActiveCfg = Debug|Any CPU
		{A470B89E-3AD2-4B7F-9719-58E6D699DA32}.Debug|iPhoneSimulator.Build.0 = Debug|Any CPU
		{A470B89E-3AD2-4B7F-9719-58E6D699DA32}.Debug|iPhoneSimulator.Deploy.0 = Debug|Any CPU
		{A470B89E-3AD2-4B7F-9719-58E6D699DA32}.Debug|x64.ActiveCfg = Debug|Any CPU
		{A470B89E-3AD2-4B7F-9719-58E6D699DA32}.Debug|x64.Build.0 = Debug|Any CPU
		{A470B89E-3AD2-4B7F-9719-58E6D699DA32}.Debug|x64.Deploy.0 = Debug|Any CPU
		{A470B89E-3AD2-4B7F-9719-58E6D699DA32}.Debug|x86.ActiveCfg = Debug|Any CPU
		{A470B89E-3AD2-4B7F-9719-58E6D699DA32}.Debug|x86.Build.0 = Debug|Any CPU
		{A470B89E-3AD2-4B7F-9719-58E6D699DA32}.Debug|x86.Deploy.0 = Debug|Any CPU
		{A470B89E-3AD2-4B7F-9719-58E6D699DA32}.Release|Any CPU.ActiveCfg = Release|Any CPU
		{A470B89E-3AD2-4B7F-9719-58E6D699DA32}.Release|Any CPU.Build.0 = Release|Any CPU
		{A470B89E-3AD2-4B7F-9719-58E6D699DA32}.Release|Any CPU.Deploy.0 = Release|Any CPU
		{A470B89E-3AD2-4B7F-9719-58E6D699DA32}.Release|ARM.ActiveCfg = Release|Any CPU
		{A470B89E-3AD2-4B7F-9719-58E6D699DA32}.Release|ARM.Build.0 = Release|Any CPU
		{A470B89E-3AD2-4B7F-9719-58E6D699DA32}.Release|ARM.Deploy.0 = Release|Any CPU
		{A470B89E-3AD2-4B7F-9719-58E6D699DA32}.Release|iPhone.ActiveCfg = Release|Any CPU
		{A470B89E-3AD2-4B7F-9719-58E6D699DA32}.Release|iPhone.Build.0 = Release|Any CPU
		{A470B89E-3AD2-4B7F-9719-58E6D699DA32}.Release|iPhone.Deploy.0 = Release|Any CPU
		{A470B89E-3AD2-4B7F-9719-58E6D699DA32}.Release|iPhoneSimulator.ActiveCfg = Release|Any CPU
		{A470B89E-3AD2-4B7F-9719-58E6D699DA32}.Release|iPhoneSimulator.Build.0 = Release|Any CPU
		{A470B89E-3AD2-4B7F-9719-58E6D699DA32}.Release|iPhoneSimulator.Deploy.0 = Release|Any CPU
		{A470B89E-3AD2-4B7F-9719-58E6D699DA32}.Release|x64.ActiveCfg = Release|Any CPU
		{A470B89E-3AD2-4B7F-9719-58E6D699DA32}.Release|x64.Build.0 = Release|Any CPU
		{A470B89E-3AD2-4B7F-9719-58E6D699DA32}.Release|x64.Deploy.0 = Release|Any CPU
		{A470B89E-3AD2-4B7F-9719-58E6D699DA32}.Release|x86.ActiveCfg = Release|Any CPU
		{A470B89E-3AD2-4B7F-9719-58E6D699DA32}.Release|x86.Build.0 = Release|Any CPU
		{A470B89E-3AD2-4B7F-9719-58E6D699DA32}.Release|x86.Deploy.0 = Release|Any CPU
		{9810B493-49F2-4C13-8161-3436B791ECE7}.Debug|Any CPU.ActiveCfg = Debug|iPhone
		{9810B493-49F2-4C13-8161-3436B791ECE7}.Debug|Any CPU.Build.0 = Debug|iPhone
		{9810B493-49F2-4C13-8161-3436B791ECE7}.Debug|Any CPU.Deploy.0 = Debug|iPhone
		{9810B493-49F2-4C13-8161-3436B791ECE7}.Debug|ARM.ActiveCfg = Debug|iPhone
		{9810B493-49F2-4C13-8161-3436B791ECE7}.Debug|ARM.Build.0 = Debug|iPhone
		{9810B493-49F2-4C13-8161-3436B791ECE7}.Debug|ARM.Deploy.0 = Debug|iPhone
		{9810B493-49F2-4C13-8161-3436B791ECE7}.Debug|iPhone.ActiveCfg = Debug|iPhone
		{9810B493-49F2-4C13-8161-3436B791ECE7}.Debug|iPhone.Build.0 = Debug|iPhone
		{9810B493-49F2-4C13-8161-3436B791ECE7}.Debug|iPhone.Deploy.0 = Debug|iPhone
		{9810B493-49F2-4C13-8161-3436B791ECE7}.Debug|iPhoneSimulator.ActiveCfg = Debug|iPhoneSimulator
		{9810B493-49F2-4C13-8161-3436B791ECE7}.Debug|iPhoneSimulator.Build.0 = Debug|iPhoneSimulator
		{9810B493-49F2-4C13-8161-3436B791ECE7}.Debug|iPhoneSimulator.Deploy.0 = Debug|iPhoneSimulator
		{9810B493-49F2-4C13-8161-3436B791ECE7}.Debug|x64.ActiveCfg = Debug|iPhone
		{9810B493-49F2-4C13-8161-3436B791ECE7}.Debug|x64.Build.0 = Debug|iPhone
		{9810B493-49F2-4C13-8161-3436B791ECE7}.Debug|x64.Deploy.0 = Debug|iPhone
		{9810B493-49F2-4C13-8161-3436B791ECE7}.Debug|x86.ActiveCfg = Debug|iPhone
		{9810B493-49F2-4C13-8161-3436B791ECE7}.Debug|x86.Build.0 = Debug|iPhone
		{9810B493-49F2-4C13-8161-3436B791ECE7}.Debug|x86.Deploy.0 = Debug|iPhone
		{9810B493-49F2-4C13-8161-3436B791ECE7}.Release|Any CPU.ActiveCfg = Release|iPhone
		{9810B493-49F2-4C13-8161-3436B791ECE7}.Release|Any CPU.Build.0 = Release|iPhone
		{9810B493-49F2-4C13-8161-3436B791ECE7}.Release|Any CPU.Deploy.0 = Release|iPhone
		{9810B493-49F2-4C13-8161-3436B791ECE7}.Release|ARM.ActiveCfg = Release|iPhone
		{9810B493-49F2-4C13-8161-3436B791ECE7}.Release|ARM.Build.0 = Release|iPhone
		{9810B493-49F2-4C13-8161-3436B791ECE7}.Release|ARM.Deploy.0 = Release|iPhone
		{9810B493-49F2-4C13-8161-3436B791ECE7}.Release|iPhone.ActiveCfg = Release|iPhone
		{9810B493-49F2-4C13-8161-3436B791ECE7}.Release|iPhone.Build.0 = Release|iPhone
		{9810B493-49F2-4C13-8161-3436B791ECE7}.Release|iPhone.Deploy.0 = Release|iPhone
		{9810B493-49F2-4C13-8161-3436B791ECE7}.Release|iPhoneSimulator.ActiveCfg = Release|iPhoneSimulator
		{9810B493-49F2-4C13-8161-3436B791ECE7}.Release|iPhoneSimulator.Build.0 = Release|iPhoneSimulator
		{9810B493-49F2-4C13-8161-3436B791ECE7}.Release|iPhoneSimulator.Deploy.0 = Release|iPhoneSimulator
		{9810B493-49F2-4C13-8161-3436B791ECE7}.Release|x64.ActiveCfg = Release|iPhone
		{9810B493-49F2-4C13-8161-3436B791ECE7}.Release|x64.Build.0 = Release|iPhone
		{9810B493-49F2-4C13-8161-3436B791ECE7}.Release|x64.Deploy.0 = Release|iPhone
		{9810B493-49F2-4C13-8161-3436B791ECE7}.Release|x86.ActiveCfg = Release|iPhone
		{9810B493-49F2-4C13-8161-3436B791ECE7}.Release|x86.Build.0 = Release|iPhone
		{9810B493-49F2-4C13-8161-3436B791ECE7}.Release|x86.Deploy.0 = Release|iPhone
		{3FEB4394-AB1A-4F1A-97A0-6C826EEFCF62}.Debug|Any CPU.ActiveCfg = Debug|Any CPU
		{3FEB4394-AB1A-4F1A-97A0-6C826EEFCF62}.Debug|Any CPU.Build.0 = Debug|Any CPU
		{3FEB4394-AB1A-4F1A-97A0-6C826EEFCF62}.Debug|Any CPU.Deploy.0 = Debug|Any CPU
		{3FEB4394-AB1A-4F1A-97A0-6C826EEFCF62}.Debug|ARM.ActiveCfg = Debug|Any CPU
		{3FEB4394-AB1A-4F1A-97A0-6C826EEFCF62}.Debug|ARM.Build.0 = Debug|Any CPU
		{3FEB4394-AB1A-4F1A-97A0-6C826EEFCF62}.Debug|ARM.Deploy.0 = Debug|Any CPU
		{3FEB4394-AB1A-4F1A-97A0-6C826EEFCF62}.Debug|iPhone.ActiveCfg = Debug|Any CPU
		{3FEB4394-AB1A-4F1A-97A0-6C826EEFCF62}.Debug|iPhone.Build.0 = Debug|Any CPU
		{3FEB4394-AB1A-4F1A-97A0-6C826EEFCF62}.Debug|iPhone.Deploy.0 = Debug|Any CPU
		{3FEB4394-AB1A-4F1A-97A0-6C826EEFCF62}.Debug|iPhoneSimulator.ActiveCfg = Debug|Any CPU
		{3FEB4394-AB1A-4F1A-97A0-6C826EEFCF62}.Debug|iPhoneSimulator.Build.0 = Debug|Any CPU
		{3FEB4394-AB1A-4F1A-97A0-6C826EEFCF62}.Debug|iPhoneSimulator.Deploy.0 = Debug|Any CPU
		{3FEB4394-AB1A-4F1A-97A0-6C826EEFCF62}.Debug|x64.ActiveCfg = Debug|Any CPU
		{3FEB4394-AB1A-4F1A-97A0-6C826EEFCF62}.Debug|x64.Build.0 = Debug|Any CPU
		{3FEB4394-AB1A-4F1A-97A0-6C826EEFCF62}.Debug|x64.Deploy.0 = Debug|Any CPU
		{3FEB4394-AB1A-4F1A-97A0-6C826EEFCF62}.Debug|x86.ActiveCfg = Debug|Any CPU
		{3FEB4394-AB1A-4F1A-97A0-6C826EEFCF62}.Debug|x86.Build.0 = Debug|Any CPU
		{3FEB4394-AB1A-4F1A-97A0-6C826EEFCF62}.Debug|x86.Deploy.0 = Debug|Any CPU
		{3FEB4394-AB1A-4F1A-97A0-6C826EEFCF62}.Release|Any CPU.ActiveCfg = Release|Any CPU
		{3FEB4394-AB1A-4F1A-97A0-6C826EEFCF62}.Release|Any CPU.Build.0 = Release|Any CPU
		{3FEB4394-AB1A-4F1A-97A0-6C826EEFCF62}.Release|Any CPU.Deploy.0 = Release|Any CPU
		{3FEB4394-AB1A-4F1A-97A0-6C826EEFCF62}.Release|ARM.ActiveCfg = Release|Any CPU
		{3FEB4394-AB1A-4F1A-97A0-6C826EEFCF62}.Release|ARM.Build.0 = Release|Any CPU
		{3FEB4394-AB1A-4F1A-97A0-6C826EEFCF62}.Release|ARM.Deploy.0 = Release|Any CPU
		{3FEB4394-AB1A-4F1A-97A0-6C826EEFCF62}.Release|iPhone.ActiveCfg = Release|Any CPU
		{3FEB4394-AB1A-4F1A-97A0-6C826EEFCF62}.Release|iPhone.Build.0 = Release|Any CPU
		{3FEB4394-AB1A-4F1A-97A0-6C826EEFCF62}.Release|iPhone.Deploy.0 = Release|Any CPU
		{3FEB4394-AB1A-4F1A-97A0-6C826EEFCF62}.Release|iPhoneSimulator.ActiveCfg = Release|Any CPU
		{3FEB4394-AB1A-4F1A-97A0-6C826EEFCF62}.Release|iPhoneSimulator.Build.0 = Release|Any CPU
		{3FEB4394-AB1A-4F1A-97A0-6C826EEFCF62}.Release|iPhoneSimulator.Deploy.0 = Release|Any CPU
		{3FEB4394-AB1A-4F1A-97A0-6C826EEFCF62}.Release|x64.ActiveCfg = Release|Any CPU
		{3FEB4394-AB1A-4F1A-97A0-6C826EEFCF62}.Release|x64.Build.0 = Release|Any CPU
		{3FEB4394-AB1A-4F1A-97A0-6C826EEFCF62}.Release|x64.Deploy.0 = Release|Any CPU
		{3FEB4394-AB1A-4F1A-97A0-6C826EEFCF62}.Release|x86.ActiveCfg = Release|Any CPU
		{3FEB4394-AB1A-4F1A-97A0-6C826EEFCF62}.Release|x86.Build.0 = Release|Any CPU
		{3FEB4394-AB1A-4F1A-97A0-6C826EEFCF62}.Release|x86.Deploy.0 = Release|Any CPU
	EndGlobalSection
	GlobalSection(SolutionProperties) = preSolution
		HideSolutionNode = FALSE
	EndGlobalSection
	GlobalSection(ExtensibilityGlobals) = postSolution
		SolutionGuid = {8F918787-BEE2-4D32-B759-EE4D95F11596}
	EndGlobalSection
EndGlobal
